
Microsoft Visual Studio Solution File, Format Version 12.00
# Visual Studio 2013
VisualStudioVersion = 12.0.21005.1
MinimumVisualStudioVersion = 10.0.40219.1
Project("{FAE04EC0-301F-11D3-BF4B-00C04F79EFBC}") = "P3P", "P3P.csproj", "{BA9D1933-FEE7-4804-A6DA-BAF3A83365E1}"
EndProject
Project("{2150E333-8FDC-42A3-9474-1A3956D46DE8}") = "miniaturen", "miniaturen", "{1A14BCD5-9746-4AF8-94FE-84A2FDB87208}"
	ProjectSection(SolutionItems) = preProject
		..\..\..\Downloads\milamini\2013-06-05 19.25.26_Tallinn.jpg = ..\..\..\Downloads\milamini\2013-06-05 19.25.26_Tallinn.jpg
		..\..\..\Downloads\milamini\D7K_0047_Rome.jpg = ..\..\..\Downloads\milamini\D7K_0047_Rome.jpg
		..\..\..\Downloads\milamini\D7K_0075_Rome-Edit.jpg = ..\..\..\Downloads\milamini\D7K_0075_Rome-Edit.jpg
		..\..\..\Downloads\milamini\D7K_0099_Rome-Edit.jpg = ..\..\..\Downloads\milamini\D7K_0099_Rome-Edit.jpg
		..\..\..\Downloads\milamini\D7K_0110_Rome-Edit.jpg = ..\..\..\Downloads\milamini\D7K_0110_Rome-Edit.jpg
		..\..\..\Downloads\milamini\D7K_0112_Rome.jpg = ..\..\..\Downloads\milamini\D7K_0112_Rome.jpg
		..\..\..\Downloads\milamini\D7K_0125_Rome-Edit.jpg = ..\..\..\Downloads\milamini\D7K_0125_Rome-Edit.jpg
		..\..\..\Downloads\milamini\D7K_0164_Rome-Edit-2.jpg = ..\..\..\Downloads\milamini\D7K_0164_Rome-Edit-2.jpg
		..\..\..\Downloads\milamini\D7K_0825_2011_Sziget.jpg = ..\..\..\Downloads\milamini\D7K_0825_2011_Sziget.jpg
		..\..\..\Downloads\milamini\D7K_0834_2011_Sziget.jpg = ..\..\..\Downloads\milamini\D7K_0834_2011_Sziget.jpg
		..\..\..\Downloads\milamini\D7K_0874_2011_Sziget.jpg = ..\..\..\Downloads\milamini\D7K_0874_2011_Sziget.jpg
		..\..\..\Downloads\milamini\D7K_0877_2011_Sziget.jpg = ..\..\..\Downloads\milamini\D7K_0877_2011_Sziget.jpg
		..\..\..\Downloads\milamini\D7K_0896_2011_Sziget.jpg = ..\..\..\Downloads\milamini\D7K_0896_2011_Sziget.jpg
		..\..\..\Downloads\milamini\D7K_0906_2011_Sziget.jpg = ..\..\..\Downloads\milamini\D7K_0906_2011_Sziget.jpg
		..\..\..\Downloads\milamini\D7K_0925_2011_Sziget.jpg = ..\..\..\Downloads\milamini\D7K_0925_2011_Sziget.jpg
		..\..\..\Downloads\milamini\D7K_0945_2011_Sziget.jpg = ..\..\..\Downloads\milamini\D7K_0945_2011_Sziget.jpg
		..\..\..\Downloads\milamini\D7K_0957_2011_Sziget.jpg = ..\..\..\Downloads\milamini\D7K_0957_2011_Sziget.jpg
		..\..\..\Downloads\milamini\D7K_1012_2011_Sziget.jpg = ..\..\..\Downloads\milamini\D7K_1012_2011_Sziget.jpg
		..\..\..\Downloads\milamini\D7K_1015_2011_Sziget.jpg = ..\..\..\Downloads\milamini\D7K_1015_2011_Sziget.jpg
		..\..\..\Downloads\milamini\D7K_1091_2011_Sziget.jpg = ..\..\..\Downloads\milamini\D7K_1091_2011_Sziget.jpg
		..\..\..\Downloads\milamini\D7K_1104_2011_Sziget.jpg = ..\..\..\Downloads\milamini\D7K_1104_2011_Sziget.jpg
		..\..\..\Downloads\milamini\D7K_1105_2011_Sziget.jpg = ..\..\..\Downloads\milamini\D7K_1105_2011_Sziget.jpg
		..\..\..\Downloads\milamini\D7K_1146_2011_Sziget.jpg = ..\..\..\Downloads\milamini\D7K_1146_2011_Sziget.jpg
		..\..\..\Downloads\milamini\D7K_1152_2011_Sziget.jpg = ..\..\..\Downloads\milamini\D7K_1152_2011_Sziget.jpg
		..\..\..\Downloads\milamini\D7K_1154_2011_Sziget.jpg = ..\..\..\Downloads\milamini\D7K_1154_2011_Sziget.jpg
		..\..\..\Downloads\milamini\D7K_1172_2011_Sziget.jpg = ..\..\..\Downloads\milamini\D7K_1172_2011_Sziget.jpg
		..\..\..\Downloads\milamini\D7K_1440_Berlijn.jpg = ..\..\..\Downloads\milamini\D7K_1440_Berlijn.jpg
		..\..\..\Downloads\milamini\D7K_1442_Berlijn.jpg = ..\..\..\Downloads\milamini\D7K_1442_Berlijn.jpg
		..\..\..\Downloads\milamini\D7K_1449_Berlijn.jpg = ..\..\..\Downloads\milamini\D7K_1449_Berlijn.jpg
		..\..\..\Downloads\milamini\D7K_1450_Berlijn.jpg = ..\..\..\Downloads\milamini\D7K_1450_Berlijn.jpg
		..\..\..\Downloads\milamini\D7K_1451_Berlijn.jpg = ..\..\..\Downloads\milamini\D7K_1451_Berlijn.jpg
		..\..\..\Downloads\milamini\D7K_1486_Berlijn.jpg = ..\..\..\Downloads\milamini\D7K_1486_Berlijn.jpg
		..\..\..\Downloads\milamini\D7K_1494_Berlijn.jpg = ..\..\..\Downloads\milamini\D7K_1494_Berlijn.jpg
		..\..\..\Downloads\milamini\D7K_1495_Berlijn_HDR.jpg = ..\..\..\Downloads\milamini\D7K_1495_Berlijn_HDR.jpg
		..\..\..\Downloads\milamini\D7K_1511_Berlijn.jpg = ..\..\..\Downloads\milamini\D7K_1511_Berlijn.jpg
		..\..\..\Downloads\milamini\D7K_1521_Berlijn.jpg = ..\..\..\Downloads\milamini\D7K_1521_Berlijn.jpg
		..\..\..\Downloads\milamini\D7K_1522_Berlijn.jpg = ..\..\..\Downloads\milamini\D7K_1522_Berlijn.jpg
		..\..\..\Downloads\milamini\D7K_1523_Berlijn.jpg = ..\..\..\Downloads\milamini\D7K_1523_Berlijn.jpg
		..\..\..\Downloads\milamini\D7K_1528_Berlijn-Edit.jpg = ..\..\..\Downloads\milamini\D7K_1528_Berlijn-Edit.jpg
		..\..\..\Downloads\milamini\D7K_1532_Berlijn.jpg = ..\..\..\Downloads\milamini\D7K_1532_Berlijn.jpg
		..\..\..\Downloads\milamini\D7K_1533_Berlijn.jpg = ..\..\..\Downloads\milamini\D7K_1533_Berlijn.jpg
		..\..\..\Downloads\milamini\D7K_1862_New_Orleans.jpg = ..\..\..\Downloads\milamini\D7K_1862_New_Orleans.jpg
		..\..\..\Downloads\milamini\D7K_1882_New_Orleans.jpg = ..\..\..\Downloads\milamini\D7K_1882_New_Orleans.jpg
		..\..\..\Downloads\milamini\D7K_1910_New_Orleans.jpg = ..\..\..\Downloads\milamini\D7K_1910_New_Orleans.jpg
		..\..\..\Downloads\milamini\D7K_1918_New_Orleans.jpg = ..\..\..\Downloads\milamini\D7K_1918_New_Orleans.jpg
		..\..\..\Downloads\milamini\D7K_1925_New_Orleans.jpg = ..\..\..\Downloads\milamini\D7K_1925_New_Orleans.jpg
		..\..\..\Downloads\milamini\D7K_1933_New_Orleans.jpg = ..\..\..\Downloads\milamini\D7K_1933_New_Orleans.jpg
		..\..\..\Downloads\milamini\D7K_1944_New_Orleans.jpg = ..\..\..\Downloads\milamini\D7K_1944_New_Orleans.jpg
		..\..\..\Downloads\milamini\D7K_2025_New_Orleans.jpg = ..\..\..\Downloads\milamini\D7K_2025_New_Orleans.jpg
		..\..\..\Downloads\milamini\D7K_2423_Orchideenhof.jpg = ..\..\..\Downloads\milamini\D7K_2423_Orchideenhof.jpg
		..\..\..\Downloads\milamini\D7K_2434_Orchideenhof.jpg = ..\..\..\Downloads\milamini\D7K_2434_Orchideenhof.jpg
		..\..\..\Downloads\milamini\D7K_2439_Orchideenhof.jpg = ..\..\..\Downloads\milamini\D7K_2439_Orchideenhof.jpg
		..\..\..\Downloads\milamini\D7K_2443_Orchideenhof.jpg = ..\..\..\Downloads\milamini\D7K_2443_Orchideenhof.jpg
		..\..\..\Downloads\milamini\D7K_2447_Orchideenhof.jpg = ..\..\..\Downloads\milamini\D7K_2447_Orchideenhof.jpg
		..\..\..\Downloads\milamini\D7K_2450_Orchideenhof.jpg = ..\..\..\Downloads\milamini\D7K_2450_Orchideenhof.jpg
		..\..\..\Downloads\milamini\D7K_2452_Orchideenhof.jpg = ..\..\..\Downloads\milamini\D7K_2452_Orchideenhof.jpg
		..\..\..\Downloads\milamini\D7K_3037_Berlijn_FOL.jpg = ..\..\..\Downloads\milamini\D7K_3037_Berlijn_FOL.jpg
		..\..\..\Downloads\milamini\D7K_3039_Berlijn_FOL.jpg = ..\..\..\Downloads\milamini\D7K_3039_Berlijn_FOL.jpg
		..\..\..\Downloads\milamini\D7K_3041_Berlijn_FOL.jpg = ..\..\..\Downloads\milamini\D7K_3041_Berlijn_FOL.jpg
		..\..\..\Downloads\milamini\D7K_3044_Berlijn_FOL-Edit.jpg = ..\..\..\Downloads\milamini\D7K_3044_Berlijn_FOL-Edit.jpg
		..\..\..\Downloads\milamini\D7K_3051_Berlijn_FOL.jpg = ..\..\..\Downloads\milamini\D7K_3051_Berlijn_FOL.jpg
		..\..\..\Downloads\milamini\D7K_3052_Berlijn_FOL.jpg = ..\..\..\Downloads\milamini\D7K_3052_Berlijn_FOL.jpg
		..\..\..\Downloads\milamini\D7K_3053_Berlijn_FOL.jpg = ..\..\..\Downloads\milamini\D7K_3053_Berlijn_FOL.jpg
		..\..\..\Downloads\milamini\DSCF2014_New_Orleans.jpg = ..\..\..\Downloads\milamini\DSCF2014_New_Orleans.jpg
		..\..\..\Downloads\milamini\DSCF2071_New_Orleans.jpg = ..\..\..\Downloads\milamini\DSCF2071_New_Orleans.jpg
		..\..\..\Downloads\milamini\DSCF2143_New_Orleans.jpg = ..\..\..\Downloads\milamini\DSCF2143_New_Orleans.jpg
		..\..\..\Downloads\milamini\DSCF2147_New_Orleans.jpg = ..\..\..\Downloads\milamini\DSCF2147_New_Orleans.jpg
		..\..\..\Downloads\milamini\DSCF2156_New_Orleans.jpg = ..\..\..\Downloads\milamini\DSCF2156_New_Orleans.jpg
		..\..\..\Downloads\milamini\DSCF2171_New_Orleans-Edit-2.jpg = ..\..\..\Downloads\milamini\DSCF2171_New_Orleans-Edit-2.jpg
		..\..\..\Downloads\milamini\DSCF3359_Berlijn_FOL.jpg = ..\..\..\Downloads\milamini\DSCF3359_Berlijn_FOL.jpg
		..\..\..\Downloads\milamini\DSCF3367_Berlijn_FOL.jpg = ..\..\..\Downloads\milamini\DSCF3367_Berlijn_FOL.jpg
		..\..\..\Downloads\milamini\DSCF3403_Berlijn_FOL.jpg = ..\..\..\Downloads\milamini\DSCF3403_Berlijn_FOL.jpg
		..\..\..\Downloads\milamini\DSCF3438_Berlijn_FOL.jpg = ..\..\..\Downloads\milamini\DSCF3438_Berlijn_FOL.jpg
		..\..\..\Downloads\milamini\DSCF3445_Berlijn_FOL.jpg = ..\..\..\Downloads\milamini\DSCF3445_Berlijn_FOL.jpg
		..\..\..\Downloads\milamini\DSCF3477_Berlijn_FOL.jpg = ..\..\..\Downloads\milamini\DSCF3477_Berlijn_FOL.jpg
		..\..\..\Downloads\milamini\DSCF4216_Tallinn.jpg = ..\..\..\Downloads\milamini\DSCF4216_Tallinn.jpg
		..\..\..\Downloads\milamini\DSCF4218_Tallinn.jpg = ..\..\..\Downloads\milamini\DSCF4218_Tallinn.jpg
		..\..\..\Downloads\milamini\DSCF4220_Tallinn.jpg = ..\..\..\Downloads\milamini\DSCF4220_Tallinn.jpg
		..\..\..\Downloads\milamini\DSCF4227_Tallinn.jpg = ..\..\..\Downloads\milamini\DSCF4227_Tallinn.jpg
		..\..\..\Downloads\milamini\DSCF4241_Tallinn.jpg = ..\..\..\Downloads\milamini\DSCF4241_Tallinn.jpg
		..\..\..\Downloads\milamini\DSCF4245_Tallinn.jpg = ..\..\..\Downloads\milamini\DSCF4245_Tallinn.jpg
		..\..\..\Downloads\milamini\DSCF4247_Tallinn.jpg = ..\..\..\Downloads\milamini\DSCF4247_Tallinn.jpg
		..\..\..\Downloads\milamini\DSCF4250_Tallinn.jpg = ..\..\..\Downloads\milamini\DSCF4250_Tallinn.jpg
		..\..\..\Downloads\milamini\DSCF4253_Tallinn.jpg = ..\..\..\Downloads\milamini\DSCF4253_Tallinn.jpg
		..\..\..\Downloads\milamini\DSCF4264_Tallinn.jpg = ..\..\..\Downloads\milamini\DSCF4264_Tallinn.jpg
		..\..\..\Downloads\milamini\DSCF4270_Tallinn.jpg = ..\..\..\Downloads\milamini\DSCF4270_Tallinn.jpg
		..\..\..\Downloads\milamini\DSCF4284_Tallin 2.jpg = ..\..\..\Downloads\milamini\DSCF4284_Tallin 2.jpg
		..\..\..\Downloads\milamini\DSCF4284_Tallin.jpg = ..\..\..\Downloads\milamini\DSCF4284_Tallin.jpg
		..\..\..\Downloads\milamini\DSCF4293_Tallinn.jpg = ..\..\..\Downloads\milamini\DSCF4293_Tallinn.jpg
		..\..\..\Downloads\milamini\DSCF4296_Tallinn 2.jpg = ..\..\..\Downloads\milamini\DSCF4296_Tallinn 2.jpg
		..\..\..\Downloads\milamini\DSCF4296_Tallinn.jpg = ..\..\..\Downloads\milamini\DSCF4296_Tallinn.jpg
		..\..\..\Downloads\milamini\DSCF4305_Tallinn 2.jpg = ..\..\..\Downloads\milamini\DSCF4305_Tallinn 2.jpg
		..\..\..\Downloads\milamini\DSCF4305_Tallinn.jpg = ..\..\..\Downloads\milamini\DSCF4305_Tallinn.jpg
		..\..\..\Downloads\milamini\DSCF4316_Tallinn 2.jpg = ..\..\..\Downloads\milamini\DSCF4316_Tallinn 2.jpg
		..\..\..\Downloads\milamini\DSCF4316_Tallinn.jpg = ..\..\..\Downloads\milamini\DSCF4316_Tallinn.jpg
		..\..\..\Downloads\milamini\DSCF4328_Tallinn 2.jpg = ..\..\..\Downloads\milamini\DSCF4328_Tallinn 2.jpg
		..\..\..\Downloads\milamini\DSCF4328_Tallinn.jpg = ..\..\..\Downloads\milamini\DSCF4328_Tallinn.jpg
		..\..\..\Downloads\milamini\DSCF4329_Tallinn 2.jpg = ..\..\..\Downloads\milamini\DSCF4329_Tallinn 2.jpg
		..\..\..\Downloads\milamini\DSCF4329_Tallinn.jpg = ..\..\..\Downloads\milamini\DSCF4329_Tallinn.jpg
		..\..\..\Downloads\milamini\DSCF4337_Tallinn 2.jpg = ..\..\..\Downloads\milamini\DSCF4337_Tallinn 2.jpg
		..\..\..\Downloads\milamini\DSCF4337_Tallinn.jpg = ..\..\..\Downloads\milamini\DSCF4337_Tallinn.jpg
		..\..\..\Downloads\milamini\DSCF4339_Tallinn 2.jpg = ..\..\..\Downloads\milamini\DSCF4339_Tallinn 2.jpg
		..\..\..\Downloads\milamini\DSCF4339_Tallinn.jpg = ..\..\..\Downloads\milamini\DSCF4339_Tallinn.jpg
		..\..\..\Downloads\milamini\DSCF4341_Tallinn 2.jpg = ..\..\..\Downloads\milamini\DSCF4341_Tallinn 2.jpg
		..\..\..\Downloads\milamini\DSCF4341_Tallinn.jpg = ..\..\..\Downloads\milamini\DSCF4341_Tallinn.jpg
		..\..\..\Downloads\milamini\DSCF4345_Tallinn 2.jpg = ..\..\..\Downloads\milamini\DSCF4345_Tallinn 2.jpg
		..\..\..\Downloads\milamini\DSCF4345_Tallinn.jpg = ..\..\..\Downloads\milamini\DSCF4345_Tallinn.jpg
		..\..\..\Downloads\milamini\DSCF4347_Tallinn 2.jpg = ..\..\..\Downloads\milamini\DSCF4347_Tallinn 2.jpg
		..\..\..\Downloads\milamini\DSCF4347_Tallinn.jpg = ..\..\..\Downloads\milamini\DSCF4347_Tallinn.jpg
		..\..\..\Downloads\milamini\DSCF4377_Tallinn 2.jpg = ..\..\..\Downloads\milamini\DSCF4377_Tallinn 2.jpg
		..\..\..\Downloads\milamini\DSCF4377_Tallinn.jpg = ..\..\..\Downloads\milamini\DSCF4377_Tallinn.jpg
		..\..\..\Downloads\milamini\DSCF4391_Tallinn.jpg = ..\..\..\Downloads\milamini\DSCF4391_Tallinn.jpg
		..\..\..\Downloads\milamini\DSCF4394_Tallinn.jpg = ..\..\..\Downloads\milamini\DSCF4394_Tallinn.jpg
		..\..\..\Downloads\milamini\DSCF4399_Tallinn.jpg = ..\..\..\Downloads\milamini\DSCF4399_Tallinn.jpg
		..\..\..\Downloads\milamini\DSCF4408_Tallinn.jpg = ..\..\..\Downloads\milamini\DSCF4408_Tallinn.jpg
		..\..\..\Downloads\milamini\DSCF4415_Tallinn.jpg = ..\..\..\Downloads\milamini\DSCF4415_Tallinn.jpg
		..\..\..\Downloads\milamini\DSCF4448_Tallinn.jpg = ..\..\..\Downloads\milamini\DSCF4448_Tallinn.jpg
		..\..\..\Downloads\milamini\DSCF4460_Tallinn.jpg = ..\..\..\Downloads\milamini\DSCF4460_Tallinn.jpg
		..\..\..\Downloads\milamini\DSCF4465_Tallinn.jpg = ..\..\..\Downloads\milamini\DSCF4465_Tallinn.jpg
		..\..\..\Downloads\milamini\DSCF4497_Tallinn.jpg = ..\..\..\Downloads\milamini\DSCF4497_Tallinn.jpg
		..\..\..\Downloads\milamini\DSCF4506_Tallinn.jpg = ..\..\..\Downloads\milamini\DSCF4506_Tallinn.jpg
		..\..\..\Downloads\milamini\DSCF4515_Tallinn.jpg = ..\..\..\Downloads\milamini\DSCF4515_Tallinn.jpg
		..\..\..\Downloads\milamini\DSCF4520_Tallinn.jpg = ..\..\..\Downloads\milamini\DSCF4520_Tallinn.jpg
		..\..\..\Downloads\milamini\DSCF4521_Tallinn.jpg = ..\..\..\Downloads\milamini\DSCF4521_Tallinn.jpg
		..\..\..\Downloads\milamini\DSCF4523_Tallinn.jpg = ..\..\..\Downloads\milamini\DSCF4523_Tallinn.jpg
		..\..\..\Downloads\milamini\DSCF4527_Tallinn.jpg = ..\..\..\Downloads\milamini\DSCF4527_Tallinn.jpg
		..\..\..\Downloads\milamini\DSCF4545_Tallinn.jpg = ..\..\..\Downloads\milamini\DSCF4545_Tallinn.jpg
		..\..\..\Downloads\milamini\DSCF4547_Tallinn.jpg = ..\..\..\Downloads\milamini\DSCF4547_Tallinn.jpg
		..\..\..\Downloads\milamini\DSCF4562_Tallinn.jpg = ..\..\..\Downloads\milamini\DSCF4562_Tallinn.jpg
		..\..\..\Downloads\milamini\P1000580_Maria_Mena_Paradiso-Edit.jpg = ..\..\..\Downloads\milamini\P1000580_Maria_Mena_Paradiso-Edit.jpg
		..\..\..\Downloads\milamini\P1000591_Maria_Mena_Paradiso-Edit.jpg = ..\..\..\Downloads\milamini\P1000591_Maria_Mena_Paradiso-Edit.jpg
		..\..\..\Downloads\milamini\P1000592_Maria_Mena_Paradiso-Edit.jpg = ..\..\..\Downloads\milamini\P1000592_Maria_Mena_Paradiso-Edit.jpg
		..\..\..\Downloads\milamini\P1000595_Maria_Mena_Paradiso-Edit.jpg = ..\..\..\Downloads\milamini\P1000595_Maria_Mena_Paradiso-Edit.jpg
		..\..\..\Downloads\milamini\P1000596_Maria_Mena_Paradiso-Edit.jpg = ..\..\..\Downloads\milamini\P1000596_Maria_Mena_Paradiso-Edit.jpg
		..\..\..\Downloads\milamini\P1000600_Maria_Mena_Paradiso.jpg = ..\..\..\Downloads\milamini\P1000600_Maria_Mena_Paradiso.jpg
		..\..\..\Downloads\milamini\P1000602_Maria_Mena_Paradiso-Edit.jpg = ..\..\..\Downloads\milamini\P1000602_Maria_Mena_Paradiso-Edit.jpg
		..\..\..\Downloads\milamini\P1000955_Pinkpop.jpg = ..\..\..\Downloads\milamini\P1000955_Pinkpop.jpg
		..\..\..\Downloads\milamini\P1000957_Pinkpop.jpg = ..\..\..\Downloads\milamini\P1000957_Pinkpop.jpg
		..\..\..\Downloads\milamini\P1000958_Pinkpop.jpg = ..\..\..\Downloads\milamini\P1000958_Pinkpop.jpg
		..\..\..\Downloads\milamini\P1000959_Pinkpop.jpg = ..\..\..\Downloads\milamini\P1000959_Pinkpop.jpg
		..\..\..\Downloads\milamini\P1000969_Pinkpop.jpg = ..\..\..\Downloads\milamini\P1000969_Pinkpop.jpg
		..\..\..\Downloads\milamini\P1000974_Pinkpop.jpg = ..\..\..\Downloads\milamini\P1000974_Pinkpop.jpg
		..\..\..\Downloads\milamini\P1000990_Pinkpop.jpg = ..\..\..\Downloads\milamini\P1000990_Pinkpop.jpg
		..\..\..\Downloads\milamini\P1010367_2011_Zomervakantie_HDR.jpg = ..\..\..\Downloads\milamini\P1010367_2011_Zomervakantie_HDR.jpg
		..\..\..\Downloads\milamini\P1010664_Tallinn.jpg = ..\..\..\Downloads\milamini\P1010664_Tallinn.jpg
		..\..\..\Downloads\milamini\P1010673_Tallinn.jpg = ..\..\..\Downloads\milamini\P1010673_Tallinn.jpg
		..\..\..\Downloads\milamini\P1010677_Tallinn.jpg = ..\..\..\Downloads\milamini\P1010677_Tallinn.jpg
		..\..\..\Downloads\milamini\P1010685_Tallinn.jpg = ..\..\..\Downloads\milamini\P1010685_Tallinn.jpg
	EndProjectSection
EndProject
Project("{2150E333-8FDC-42A3-9474-1A3956D46DE8}") = "resizes", "resizes", "{D7422A43-189D-4DF7-B143-51EE0B6FACEA}"
	ProjectSection(SolutionItems) = preProject
		..\..\..\Downloads\mila2\2013-06-05 19.25.26_Tallinn.jpg = ..\..\..\Downloads\mila2\2013-06-05 19.25.26_Tallinn.jpg
		..\..\..\Downloads\mila2\D7K_0047_Rome.jpg = ..\..\..\Downloads\mila2\D7K_0047_Rome.jpg
		..\..\..\Downloads\mila2\D7K_0075_Rome-Edit.jpg = ..\..\..\Downloads\mila2\D7K_0075_Rome-Edit.jpg
		..\..\..\Downloads\mila2\D7K_0099_Rome-Edit.jpg = ..\..\..\Downloads\mila2\D7K_0099_Rome-Edit.jpg
		..\..\..\Downloads\mila2\D7K_0110_Rome-Edit.jpg = ..\..\..\Downloads\mila2\D7K_0110_Rome-Edit.jpg
		..\..\..\Downloads\mila2\D7K_0112_Rome.jpg = ..\..\..\Downloads\mila2\D7K_0112_Rome.jpg
		..\..\..\Downloads\mila2\D7K_0125_Rome-Edit.jpg = ..\..\..\Downloads\mila2\D7K_0125_Rome-Edit.jpg
		..\..\..\Downloads\mila2\D7K_0164_Rome-Edit-2.jpg = ..\..\..\Downloads\mila2\D7K_0164_Rome-Edit-2.jpg
		..\..\..\Downloads\mila2\D7K_0825_2011_Sziget.jpg = ..\..\..\Downloads\mila2\D7K_0825_2011_Sziget.jpg
		..\..\..\Downloads\mila2\D7K_0834_2011_Sziget.jpg = ..\..\..\Downloads\mila2\D7K_0834_2011_Sziget.jpg
		..\..\..\Downloads\mila2\D7K_0874_2011_Sziget.jpg = ..\..\..\Downloads\mila2\D7K_0874_2011_Sziget.jpg
		..\..\..\Downloads\mila2\D7K_0877_2011_Sziget.jpg = ..\..\..\Downloads\mila2\D7K_0877_2011_Sziget.jpg
		..\..\..\Downloads\mila2\D7K_0896_2011_Sziget.jpg = ..\..\..\Downloads\mila2\D7K_0896_2011_Sziget.jpg
		..\..\..\Downloads\mila2\D7K_0906_2011_Sziget.jpg = ..\..\..\Downloads\mila2\D7K_0906_2011_Sziget.jpg
		..\..\..\Downloads\mila2\D7K_0925_2011_Sziget.jpg = ..\..\..\Downloads\mila2\D7K_0925_2011_Sziget.jpg
		..\..\..\Downloads\mila2\D7K_0945_2011_Sziget.jpg = ..\..\..\Downloads\mila2\D7K_0945_2011_Sziget.jpg
		..\..\..\Downloads\mila2\D7K_0957_2011_Sziget.jpg = ..\..\..\Downloads\mila2\D7K_0957_2011_Sziget.jpg
		..\..\..\Downloads\mila2\D7K_1012_2011_Sziget.jpg = ..\..\..\Downloads\mila2\D7K_1012_2011_Sziget.jpg
		..\..\..\Downloads\mila2\D7K_1015_2011_Sziget.jpg = ..\..\..\Downloads\mila2\D7K_1015_2011_Sziget.jpg
		..\..\..\Downloads\mila2\D7K_1091_2011_Sziget.jpg = ..\..\..\Downloads\mila2\D7K_1091_2011_Sziget.jpg
		..\..\..\Downloads\mila2\D7K_1104_2011_Sziget.jpg = ..\..\..\Downloads\mila2\D7K_1104_2011_Sziget.jpg
		..\..\..\Downloads\mila2\D7K_1105_2011_Sziget.jpg = ..\..\..\Downloads\mila2\D7K_1105_2011_Sziget.jpg
		..\..\..\Downloads\mila2\D7K_1146_2011_Sziget.jpg = ..\..\..\Downloads\mila2\D7K_1146_2011_Sziget.jpg
		..\..\..\Downloads\mila2\D7K_1152_2011_Sziget.jpg = ..\..\..\Downloads\mila2\D7K_1152_2011_Sziget.jpg
		..\..\..\Downloads\mila2\D7K_1154_2011_Sziget.jpg = ..\..\..\Downloads\mila2\D7K_1154_2011_Sziget.jpg
		..\..\..\Downloads\mila2\D7K_1172_2011_Sziget.jpg = ..\..\..\Downloads\mila2\D7K_1172_2011_Sziget.jpg
		..\..\..\Downloads\mila2\D7K_1440_Berlijn.jpg = ..\..\..\Downloads\mila2\D7K_1440_Berlijn.jpg
		..\..\..\Downloads\mila2\D7K_1442_Berlijn.jpg = ..\..\..\Downloads\mila2\D7K_1442_Berlijn.jpg
		..\..\..\Downloads\mila2\D7K_1449_Berlijn.jpg = ..\..\..\Downloads\mila2\D7K_1449_Berlijn.jpg
		..\..\..\Downloads\mila2\D7K_1450_Berlijn.jpg = ..\..\..\Downloads\mila2\D7K_1450_Berlijn.jpg
		..\..\..\Downloads\mila2\D7K_1451_Berlijn.jpg = ..\..\..\Downloads\mila2\D7K_1451_Berlijn.jpg
		..\..\..\Downloads\mila2\D7K_1486_Berlijn.jpg = ..\..\..\Downloads\mila2\D7K_1486_Berlijn.jpg
		..\..\..\Downloads\mila2\D7K_1494_Berlijn.jpg = ..\..\..\Downloads\mila2\D7K_1494_Berlijn.jpg
		..\..\..\Downloads\mila2\D7K_1495_Berlijn_HDR.jpg = ..\..\..\Downloads\mila2\D7K_1495_Berlijn_HDR.jpg
		..\..\..\Downloads\mila2\D7K_1511_Berlijn.jpg = ..\..\..\Downloads\mila2\D7K_1511_Berlijn.jpg
		..\..\..\Downloads\mila2\D7K_1521_Berlijn.jpg = ..\..\..\Downloads\mila2\D7K_1521_Berlijn.jpg
		..\..\..\Downloads\mila2\D7K_1522_Berlijn.jpg = ..\..\..\Downloads\mila2\D7K_1522_Berlijn.jpg
		..\..\..\Downloads\mila2\D7K_1523_Berlijn.jpg = ..\..\..\Downloads\mila2\D7K_1523_Berlijn.jpg
		..\..\..\Downloads\mila2\D7K_1528_Berlijn-Edit.jpg = ..\..\..\Downloads\mila2\D7K_1528_Berlijn-Edit.jpg
		..\..\..\Downloads\mila2\D7K_1532_Berlijn.jpg = ..\..\..\Downloads\mila2\D7K_1532_Berlijn.jpg
		..\..\..\Downloads\mila2\D7K_1533_Berlijn.jpg = ..\..\..\Downloads\mila2\D7K_1533_Berlijn.jpg
		..\..\..\Downloads\mila2\D7K_1862_New_Orleans.jpg = ..\..\..\Downloads\mila2\D7K_1862_New_Orleans.jpg
		..\..\..\Downloads\mila2\D7K_1882_New_Orleans.jpg = ..\..\..\Downloads\mila2\D7K_1882_New_Orleans.jpg
		..\..\..\Downloads\mila2\D7K_1910_New_Orleans.jpg = ..\..\..\Downloads\mila2\D7K_1910_New_Orleans.jpg
		..\..\..\Downloads\mila2\D7K_1918_New_Orleans.jpg = ..\..\..\Downloads\mila2\D7K_1918_New_Orleans.jpg
		..\..\..\Downloads\mila2\D7K_1925_New_Orleans.jpg = ..\..\..\Downloads\mila2\D7K_1925_New_Orleans.jpg
		..\..\..\Downloads\mila2\D7K_1933_New_Orleans.jpg = ..\..\..\Downloads\mila2\D7K_1933_New_Orleans.jpg
		..\..\..\Downloads\mila2\D7K_1944_New_Orleans.jpg = ..\..\..\Downloads\mila2\D7K_1944_New_Orleans.jpg
		..\..\..\Downloads\mila2\D7K_2025_New_Orleans.jpg = ..\..\..\Downloads\mila2\D7K_2025_New_Orleans.jpg
		..\..\..\Downloads\mila2\D7K_2423_Orchideenhof.jpg = ..\..\..\Downloads\mila2\D7K_2423_Orchideenhof.jpg
		..\..\..\Downloads\mila2\D7K_2434_Orchideenhof.jpg = ..\..\..\Downloads\mila2\D7K_2434_Orchideenhof.jpg
		..\..\..\Downloads\mila2\D7K_2439_Orchideenhof.jpg = ..\..\..\Downloads\mila2\D7K_2439_Orchideenhof.jpg
		..\..\..\Downloads\mila2\D7K_2443_Orchideenhof.jpg = ..\..\..\Downloads\mila2\D7K_2443_Orchideenhof.jpg
		..\..\..\Downloads\mila2\D7K_2447_Orchideenhof.jpg = ..\..\..\Downloads\mila2\D7K_2447_Orchideenhof.jpg
		..\..\..\Downloads\mila2\D7K_2450_Orchideenhof.jpg = ..\..\..\Downloads\mila2\D7K_2450_Orchideenhof.jpg
		..\..\..\Downloads\mila2\D7K_2452_Orchideenhof.jpg = ..\..\..\Downloads\mila2\D7K_2452_Orchideenhof.jpg
		..\..\..\Downloads\mila2\D7K_3037_Berlijn_FOL.jpg = ..\..\..\Downloads\mila2\D7K_3037_Berlijn_FOL.jpg
		..\..\..\Downloads\mila2\D7K_3039_Berlijn_FOL.jpg = ..\..\..\Downloads\mila2\D7K_3039_Berlijn_FOL.jpg
		..\..\..\Downloads\mila2\D7K_3041_Berlijn_FOL.jpg = ..\..\..\Downloads\mila2\D7K_3041_Berlijn_FOL.jpg
		..\..\..\Downloads\mila2\D7K_3044_Berlijn_FOL-Edit.jpg = ..\..\..\Downloads\mila2\D7K_3044_Berlijn_FOL-Edit.jpg
		..\..\..\Downloads\mila2\D7K_3051_Berlijn_FOL.jpg = ..\..\..\Downloads\mila2\D7K_3051_Berlijn_FOL.jpg
		..\..\..\Downloads\mila2\D7K_3052_Berlijn_FOL.jpg = ..\..\..\Downloads\mila2\D7K_3052_Berlijn_FOL.jpg
		..\..\..\Downloads\mila2\D7K_3053_Berlijn_FOL.jpg = ..\..\..\Downloads\mila2\D7K_3053_Berlijn_FOL.jpg
		..\..\..\Downloads\mila2\DSCF2014_New_Orleans.jpg = ..\..\..\Downloads\mila2\DSCF2014_New_Orleans.jpg
		..\..\..\Downloads\mila2\DSCF2071_New_Orleans.jpg = ..\..\..\Downloads\mila2\DSCF2071_New_Orleans.jpg
		..\..\..\Downloads\mila2\DSCF2143_New_Orleans.jpg = ..\..\..\Downloads\mila2\DSCF2143_New_Orleans.jpg
		..\..\..\Downloads\mila2\DSCF2147_New_Orleans.jpg = ..\..\..\Downloads\mila2\DSCF2147_New_Orleans.jpg
		..\..\..\Downloads\mila2\DSCF2156_New_Orleans.jpg = ..\..\..\Downloads\mila2\DSCF2156_New_Orleans.jpg
		..\..\..\Downloads\mila2\DSCF2171_New_Orleans-Edit-2.jpg = ..\..\..\Downloads\mila2\DSCF2171_New_Orleans-Edit-2.jpg
		..\..\..\Downloads\mila2\DSCF3359_Berlijn_FOL.jpg = ..\..\..\Downloads\mila2\DSCF3359_Berlijn_FOL.jpg
		..\..\..\Downloads\mila2\DSCF3367_Berlijn_FOL.jpg = ..\..\..\Downloads\mila2\DSCF3367_Berlijn_FOL.jpg
		..\..\..\Downloads\mila2\DSCF3403_Berlijn_FOL.jpg = ..\..\..\Downloads\mila2\DSCF3403_Berlijn_FOL.jpg
		..\..\..\Downloads\mila2\DSCF3438_Berlijn_FOL.jpg = ..\..\..\Downloads\mila2\DSCF3438_Berlijn_FOL.jpg
		..\..\..\Downloads\mila2\DSCF3445_Berlijn_FOL.jpg = ..\..\..\Downloads\mila2\DSCF3445_Berlijn_FOL.jpg
		..\..\..\Downloads\mila2\DSCF3477_Berlijn_FOL.jpg = ..\..\..\Downloads\mila2\DSCF3477_Berlijn_FOL.jpg
		..\..\..\Downloads\mila2\DSCF4216_Tallinn.jpg = ..\..\..\Downloads\mila2\DSCF4216_Tallinn.jpg
		..\..\..\Downloads\mila2\DSCF4218_Tallinn.jpg = ..\..\..\Downloads\mila2\DSCF4218_Tallinn.jpg
		..\..\..\Downloads\mila2\DSCF4220_Tallinn.jpg = ..\..\..\Downloads\mila2\DSCF4220_Tallinn.jpg
		..\..\..\Downloads\mila2\DSCF4227_Tallinn.jpg = ..\..\..\Downloads\mila2\DSCF4227_Tallinn.jpg
		..\..\..\Downloads\mila2\DSCF4241_Tallinn.jpg = ..\..\..\Downloads\mila2\DSCF4241_Tallinn.jpg
		..\..\..\Downloads\mila2\DSCF4245_Tallinn.jpg = ..\..\..\Downloads\mila2\DSCF4245_Tallinn.jpg
		..\..\..\Downloads\mila2\DSCF4247_Tallinn.jpg = ..\..\..\Downloads\mila2\DSCF4247_Tallinn.jpg
		..\..\..\Downloads\mila2\DSCF4250_Tallinn.jpg = ..\..\..\Downloads\mila2\DSCF4250_Tallinn.jpg
		..\..\..\Downloads\mila2\DSCF4253_Tallinn.jpg = ..\..\..\Downloads\mila2\DSCF4253_Tallinn.jpg
		..\..\..\Downloads\mila2\DSCF4264_Tallinn.jpg = ..\..\..\Downloads\mila2\DSCF4264_Tallinn.jpg
		..\..\..\Downloads\mila2\DSCF4270_Tallinn.jpg = ..\..\..\Downloads\mila2\DSCF4270_Tallinn.jpg
		..\..\..\Downloads\mila2\DSCF4284_Tallin 2.jpg = ..\..\..\Downloads\mila2\DSCF4284_Tallin 2.jpg
		..\..\..\Downloads\mila2\DSCF4284_Tallin.jpg = ..\..\..\Downloads\mila2\DSCF4284_Tallin.jpg
		..\..\..\Downloads\mila2\DSCF4293_Tallinn.jpg = ..\..\..\Downloads\mila2\DSCF4293_Tallinn.jpg
		..\..\..\Downloads\mila2\DSCF4296_Tallinn 2.jpg = ..\..\..\Downloads\mila2\DSCF4296_Tallinn 2.jpg
		..\..\..\Downloads\mila2\DSCF4296_Tallinn.jpg = ..\..\..\Downloads\mila2\DSCF4296_Tallinn.jpg
		..\..\..\Downloads\mila2\DSCF4305_Tallinn 2.jpg = ..\..\..\Downloads\mila2\DSCF4305_Tallinn 2.jpg
		..\..\..\Downloads\mila2\DSCF4305_Tallinn.jpg = ..\..\..\Downloads\mila2\DSCF4305_Tallinn.jpg
		..\..\..\Downloads\mila2\DSCF4316_Tallinn 2.jpg = ..\..\..\Downloads\mila2\DSCF4316_Tallinn 2.jpg
		..\..\..\Downloads\mila2\DSCF4316_Tallinn.jpg = ..\..\..\Downloads\mila2\DSCF4316_Tallinn.jpg
		..\..\..\Downloads\mila2\DSCF4328_Tallinn 2.jpg = ..\..\..\Downloads\mila2\DSCF4328_Tallinn 2.jpg
		..\..\..\Downloads\mila2\DSCF4328_Tallinn.jpg = ..\..\..\Downloads\mila2\DSCF4328_Tallinn.jpg
		..\..\..\Downloads\mila2\DSCF4329_Tallinn 2.jpg = ..\..\..\Downloads\mila2\DSCF4329_Tallinn 2.jpg
		..\..\..\Downloads\mila2\DSCF4329_Tallinn.jpg = ..\..\..\Downloads\mila2\DSCF4329_Tallinn.jpg
		..\..\..\Downloads\mila2\DSCF4337_Tallinn 2.jpg = ..\..\..\Downloads\mila2\DSCF4337_Tallinn 2.jpg
		..\..\..\Downloads\mila2\DSCF4337_Tallinn.jpg = ..\..\..\Downloads\mila2\DSCF4337_Tallinn.jpg
		..\..\..\Downloads\mila2\DSCF4339_Tallinn 2.jpg = ..\..\..\Downloads\mila2\DSCF4339_Tallinn 2.jpg
		..\..\..\Downloads\mila2\DSCF4339_Tallinn.jpg = ..\..\..\Downloads\mila2\DSCF4339_Tallinn.jpg
		..\..\..\Downloads\mila2\DSCF4341_Tallinn 2.jpg = ..\..\..\Downloads\mila2\DSCF4341_Tallinn 2.jpg
		..\..\..\Downloads\mila2\DSCF4341_Tallinn.jpg = ..\..\..\Downloads\mila2\DSCF4341_Tallinn.jpg
		..\..\..\Downloads\mila2\DSCF4345_Tallinn 2.jpg = ..\..\..\Downloads\mila2\DSCF4345_Tallinn 2.jpg
		..\..\..\Downloads\mila2\DSCF4345_Tallinn.jpg = ..\..\..\Downloads\mila2\DSCF4345_Tallinn.jpg
		..\..\..\Downloads\mila2\DSCF4347_Tallinn 2.jpg = ..\..\..\Downloads\mila2\DSCF4347_Tallinn 2.jpg
		..\..\..\Downloads\mila2\DSCF4347_Tallinn.jpg = ..\..\..\Downloads\mila2\DSCF4347_Tallinn.jpg
		..\..\..\Downloads\mila2\DSCF4377_Tallinn 2.jpg = ..\..\..\Downloads\mila2\DSCF4377_Tallinn 2.jpg
		..\..\..\Downloads\mila2\DSCF4377_Tallinn.jpg = ..\..\..\Downloads\mila2\DSCF4377_Tallinn.jpg
		..\..\..\Downloads\mila2\DSCF4391_Tallinn.jpg = ..\..\..\Downloads\mila2\DSCF4391_Tallinn.jpg
		..\..\..\Downloads\mila2\DSCF4394_Tallinn.jpg = ..\..\..\Downloads\mila2\DSCF4394_Tallinn.jpg
		..\..\..\Downloads\mila2\DSCF4399_Tallinn.jpg = ..\..\..\Downloads\mila2\DSCF4399_Tallinn.jpg
		..\..\..\Downloads\mila2\DSCF4408_Tallinn.jpg = ..\..\..\Downloads\mila2\DSCF4408_Tallinn.jpg
		..\..\..\Downloads\mila2\DSCF4415_Tallinn.jpg = ..\..\..\Downloads\mila2\DSCF4415_Tallinn.jpg
		..\..\..\Downloads\mila2\DSCF4448_Tallinn.jpg = ..\..\..\Downloads\mila2\DSCF4448_Tallinn.jpg
		..\..\..\Downloads\mila2\DSCF4460_Tallinn.jpg = ..\..\..\Downloads\mila2\DSCF4460_Tallinn.jpg
		..\..\..\Downloads\mila2\DSCF4465_Tallinn.jpg = ..\..\..\Downloads\mila2\DSCF4465_Tallinn.jpg
		..\..\..\Downloads\mila2\DSCF4497_Tallinn.jpg = ..\..\..\Downloads\mila2\DSCF4497_Tallinn.jpg
		..\..\..\Downloads\mila2\DSCF4506_Tallinn.jpg = ..\..\..\Downloads\mila2\DSCF4506_Tallinn.jpg
		..\..\..\Downloads\mila2\DSCF4515_Tallinn.jpg = ..\..\..\Downloads\mila2\DSCF4515_Tallinn.jpg
		..\..\..\Downloads\mila2\DSCF4520_Tallinn.jpg = ..\..\..\Downloads\mila2\DSCF4520_Tallinn.jpg
		..\..\..\Downloads\mila2\DSCF4521_Tallinn.jpg = ..\..\..\Downloads\mila2\DSCF4521_Tallinn.jpg
		..\..\..\Downloads\mila2\DSCF4523_Tallinn.jpg = ..\..\..\Downloads\mila2\DSCF4523_Tallinn.jpg
		..\..\..\Downloads\mila2\DSCF4527_Tallinn.jpg = ..\..\..\Downloads\mila2\DSCF4527_Tallinn.jpg
		..\..\..\Downloads\mila2\DSCF4545_Tallinn.jpg = ..\..\..\Downloads\mila2\DSCF4545_Tallinn.jpg
		..\..\..\Downloads\mila2\DSCF4547_Tallinn.jpg = ..\..\..\Downloads\mila2\DSCF4547_Tallinn.jpg
		..\..\..\Downloads\mila2\DSCF4562_Tallinn.jpg = ..\..\..\Downloads\mila2\DSCF4562_Tallinn.jpg
		..\..\..\Downloads\mila2\P1000580_Maria_Mena_Paradiso-Edit.jpg = ..\..\..\Downloads\mila2\P1000580_Maria_Mena_Paradiso-Edit.jpg
		..\..\..\Downloads\mila2\P1000591_Maria_Mena_Paradiso-Edit.jpg = ..\..\..\Downloads\mila2\P1000591_Maria_Mena_Paradiso-Edit.jpg
		..\..\..\Downloads\mila2\P1000592_Maria_Mena_Paradiso-Edit.jpg = ..\..\..\Downloads\mila2\P1000592_Maria_Mena_Paradiso-Edit.jpg
		..\..\..\Downloads\mila2\P1000595_Maria_Mena_Paradiso-Edit.jpg = ..\..\..\Downloads\mila2\P1000595_Maria_Mena_Paradiso-Edit.jpg
		..\..\..\Downloads\mila2\P1000596_Maria_Mena_Paradiso-Edit.jpg = ..\..\..\Downloads\mila2\P1000596_Maria_Mena_Paradiso-Edit.jpg
		..\..\..\Downloads\mila2\P1000600_Maria_Mena_Paradiso.jpg = ..\..\..\Downloads\mila2\P1000600_Maria_Mena_Paradiso.jpg
		..\..\..\Downloads\mila2\P1000602_Maria_Mena_Paradiso-Edit.jpg = ..\..\..\Downloads\mila2\P1000602_Maria_Mena_Paradiso-Edit.jpg
		..\..\..\Downloads\mila2\P1000955_Pinkpop.jpg = ..\..\..\Downloads\mila2\P1000955_Pinkpop.jpg
		..\..\..\Downloads\mila2\P1000957_Pinkpop.jpg = ..\..\..\Downloads\mila2\P1000957_Pinkpop.jpg
		..\..\..\Downloads\mila2\P1000958_Pinkpop.jpg = ..\..\..\Downloads\mila2\P1000958_Pinkpop.jpg
		..\..\..\Downloads\mila2\P1000959_Pinkpop.jpg = ..\..\..\Downloads\mila2\P1000959_Pinkpop.jpg
		..\..\..\Downloads\mila2\P1000969_Pinkpop.jpg = ..\..\..\Downloads\mila2\P1000969_Pinkpop.jpg
		..\..\..\Downloads\mila2\P1000974_Pinkpop.jpg = ..\..\..\Downloads\mila2\P1000974_Pinkpop.jpg
		..\..\..\Downloads\mila2\P1000990_Pinkpop.jpg = ..\..\..\Downloads\mila2\P1000990_Pinkpop.jpg
		..\..\..\Downloads\mila2\P1010367_2011_Zomervakantie_HDR.jpg = ..\..\..\Downloads\mila2\P1010367_2011_Zomervakantie_HDR.jpg
		..\..\..\Downloads\mila2\P1010664_Tallinn.jpg = ..\..\..\Downloads\mila2\P1010664_Tallinn.jpg
		..\..\..\Downloads\mila2\P1010673_Tallinn.jpg = ..\..\..\Downloads\mila2\P1010673_Tallinn.jpg
		..\..\..\Downloads\mila2\P1010677_Tallinn.jpg = ..\..\..\Downloads\mila2\P1010677_Tallinn.jpg
		..\..\..\Downloads\mila2\P1010685_Tallinn.jpg = ..\..\..\Downloads\mila2\P1010685_Tallinn.jpg
	EndProjectSection
EndProject
Global
	GlobalSection(SolutionConfigurationPlatforms) = preSolution
		Debug|Any CPU = Debug|Any CPU
		Release|Any CPU = Release|Any CPU
	EndGlobalSection
	GlobalSection(ProjectConfigurationPlatforms) = postSolution
		{BA9D1933-FEE7-4804-A6DA-BAF3A83365E1}.Debug|Any CPU.ActiveCfg = Debug|Any CPU
		{BA9D1933-FEE7-4804-A6DA-BAF3A83365E1}.Debug|Any CPU.Build.0 = Debug|Any CPU
		{BA9D1933-FEE7-4804-A6DA-BAF3A83365E1}.Release|Any CPU.ActiveCfg = Release|Any CPU
		{BA9D1933-FEE7-4804-A6DA-BAF3A83365E1}.Release|Any CPU.Build.0 = Release|Any CPU
	EndGlobalSection
	GlobalSection(SolutionProperties) = preSolution
		HideSolutionNode = FALSE
	EndGlobalSection
EndGlobal
